// !$*UTF8*$!
{
	archiveVersion = 1;
	classes = {
	};
	objectVersion = 55;
	objects = {

/* Begin PBXBuildFile section */
		D416E53127A16725008FA9CE /* MpSoungCell.swift in Sources */ = {isa = PBXBuildFile; fileRef = D416E53027A16725008FA9CE /* MpSoungCell.swift */; };
		D416E53327A16734008FA9CE /* LvArtistCell.swift in Sources */ = {isa = PBXBuildFile; fileRef = D416E53227A16734008FA9CE /* LvArtistCell.swift */; };
		D416E53527A16744008FA9CE /* LvSoungCell.swift in Sources */ = {isa = PBXBuildFile; fileRef = D416E53427A16744008FA9CE /* LvSoungCell.swift */; };
		D416E53727A16794008FA9CE /* MpArtistsCell.swift in Sources */ = {isa = PBXBuildFile; fileRef = D416E53627A16794008FA9CE /* MpArtistsCell.swift */; };
		D424358D27A00D5E00930CFA /* HomeViewModel.swift in Sources */ = {isa = PBXBuildFile; fileRef = D424358C27A00D5E00930CFA /* HomeViewModel.swift */; };
		D424358F27A08E0800930CFA /* HomeServices.swift in Sources */ = {isa = PBXBuildFile; fileRef = D424358E27A08E0800930CFA /* HomeServices.swift */; };
		D424359327A0901D00930CFA /* HomeViewController.swift in Sources */ = {isa = PBXBuildFile; fileRef = D424359227A0901D00930CFA /* HomeViewController.swift */; };
		D424359B27A0927200930CFA /* HomeModel.swift in Sources */ = {isa = PBXBuildFile; fileRef = D424359A27A0927200930CFA /* HomeModel.swift */; };
		D4CBB7A827975A090027A34D /* AppDelegate.swift in Sources */ = {isa = PBXBuildFile; fileRef = D4CBB7A727975A090027A34D /* AppDelegate.swift */; };
		D4CBB7AA27975A090027A34D /* SceneDelegate.swift in Sources */ = {isa = PBXBuildFile; fileRef = D4CBB7A927975A090027A34D /* SceneDelegate.swift */; };
		D4CBB7AF27975A090027A34D /* Main.storyboard in Resources */ = {isa = PBXBuildFile; fileRef = D4CBB7AD27975A090027A34D /* Main.storyboard */; };
		D4CBB7B127975A0C0027A34D /* Assets.xcassets in Resources */ = {isa = PBXBuildFile; fileRef = D4CBB7B027975A0C0027A34D /* Assets.xcassets */; };
		D4CBB7B427975A0C0027A34D /* LaunchScreen.storyboard in Resources */ = {isa = PBXBuildFile; fileRef = D4CBB7B227975A0C0027A34D /* LaunchScreen.storyboard */; };
		D4CBB7C227975D450027A34D /* SarkiServices.swift in Sources */ = {isa = PBXBuildFile; fileRef = D4CBB7C127975D450027A34D /* SarkiServices.swift */; };
		D4CBB7C527975E1D0027A34D /* Alamofire in Frameworks */ = {isa = PBXBuildFile; productRef = D4CBB7C427975E1D0027A34D /* Alamofire */; };
		D4CBB7CD27980F930027A34D /* SanatcilarOut.swift in Sources */ = {isa = PBXBuildFile; fileRef = D4CBB7CC27980F930027A34D /* SanatcilarOut.swift */; };
		D4CBB7D1279812080027A34D /* SanatcilarIn.swift in Sources */ = {isa = PBXBuildFile; fileRef = D4CBB7D0279812080027A34D /* SanatcilarIn.swift */; };
		D4CBB7D527996C8E0027A34D /* SarkilarOut.swift in Sources */ = {isa = PBXBuildFile; fileRef = D4CBB7D427996C8E0027A34D /* SarkilarOut.swift */; };
		D4CBB7D727996DB00027A34D /* SarkilarIn.swift in Sources */ = {isa = PBXBuildFile; fileRef = D4CBB7D627996DB00027A34D /* SarkilarIn.swift */; };
		D4CBB7DA279971D40027A34D /* SoungsViewController.swift in Sources */ = {isa = PBXBuildFile; fileRef = D4CBB7D9279971D40027A34D /* SoungsViewController.swift */; };
		D4CBB7DD279972030027A34D /* SoungCell.swift in Sources */ = {isa = PBXBuildFile; fileRef = D4CBB7DC279972030027A34D /* SoungCell.swift */; };
		D4CBB7DF27997D570027A34D /* LyricViewController.swift in Sources */ = {isa = PBXBuildFile; fileRef = D4CBB7DE27997D570027A34D /* LyricViewController.swift */; };
		D4F12F91279C0FE900C15D0E /* SarkiSozuIn.swift in Sources */ = {isa = PBXBuildFile; fileRef = D4F12F90279C0FE900C15D0E /* SarkiSozuIn.swift */; };
		D4F12F93279D5AF300C15D0E /* ArtistViewController.swift in Sources */ = {isa = PBXBuildFile; fileRef = D4F12F92279D5AF300C15D0E /* ArtistViewController.swift */; };
		D4F12F99279D5C2A00C15D0E /* ArtistCell.swift in Sources */ = {isa = PBXBuildFile; fileRef = D4F12F98279D5C2A00C15D0E /* ArtistCell.swift */; };
		D4F706CF27A2EA97001D3A05 /* MainTabController.swift in Sources */ = {isa = PBXBuildFile; fileRef = D4F706CE27A2EA97001D3A05 /* MainTabController.swift */; };
/* End PBXBuildFile section */

/* Begin PBXFileReference section */
		D416E53027A16725008FA9CE /* MpSoungCell.swift */ = {isa = PBXFileReference; lastKnownFileType = sourcecode.swift; path = MpSoungCell.swift; sourceTree = "<group>"; };
		D416E53227A16734008FA9CE /* LvArtistCell.swift */ = {isa = PBXFileReference; lastKnownFileType = sourcecode.swift; path = LvArtistCell.swift; sourceTree = "<group>"; };
		D416E53427A16744008FA9CE /* LvSoungCell.swift */ = {isa = PBXFileReference; lastKnownFileType = sourcecode.swift; path = LvSoungCell.swift; sourceTree = "<group>"; };
		D416E53627A16794008FA9CE /* MpArtistsCell.swift */ = {isa = PBXFileReference; lastKnownFileType = sourcecode.swift; path = MpArtistsCell.swift; sourceTree = "<group>"; };
		D424358C27A00D5E00930CFA /* HomeViewModel.swift */ = {isa = PBXFileReference; lastKnownFileType = sourcecode.swift; path = HomeViewModel.swift; sourceTree = "<group>"; };
		D424358E27A08E0800930CFA /* HomeServices.swift */ = {isa = PBXFileReference; lastKnownFileType = sourcecode.swift; path = HomeServices.swift; sourceTree = "<group>"; };
		D424359227A0901D00930CFA /* HomeViewController.swift */ = {isa = PBXFileReference; lastKnownFileType = sourcecode.swift; path = HomeViewController.swift; sourceTree = "<group>"; };
		D424359A27A0927200930CFA /* HomeModel.swift */ = {isa = PBXFileReference; lastKnownFileType = sourcecode.swift; path = HomeModel.swift; sourceTree = "<group>"; };
		D4CBB7A427975A090027A34D /* MyRepertuar.app */ = {isa = PBXFileReference; explicitFileType = wrapper.application; includeInIndex = 0; path = MyRepertuar.app; sourceTree = BUILT_PRODUCTS_DIR; };
		D4CBB7A727975A090027A34D /* AppDelegate.swift */ = {isa = PBXFileReference; lastKnownFileType = sourcecode.swift; path = AppDelegate.swift; sourceTree = "<group>"; };
		D4CBB7A927975A090027A34D /* SceneDelegate.swift */ = {isa = PBXFileReference; lastKnownFileType = sourcecode.swift; path = SceneDelegate.swift; sourceTree = "<group>"; };
		D4CBB7AE27975A090027A34D /* Base */ = {isa = PBXFileReference; lastKnownFileType = file.storyboard; name = Base; path = Base.lproj/Main.storyboard; sourceTree = "<group>"; };
		D4CBB7B027975A0C0027A34D /* Assets.xcassets */ = {isa = PBXFileReference; lastKnownFileType = folder.assetcatalog; path = Assets.xcassets; sourceTree = "<group>"; };
		D4CBB7B327975A0C0027A34D /* Base */ = {isa = PBXFileReference; lastKnownFileType = file.storyboard; name = Base; path = Base.lproj/LaunchScreen.storyboard; sourceTree = "<group>"; };
		D4CBB7B527975A0C0027A34D /* Info.plist */ = {isa = PBXFileReference; lastKnownFileType = text.plist.xml; path = Info.plist; sourceTree = "<group>"; };
		D4CBB7C127975D450027A34D /* SarkiServices.swift */ = {isa = PBXFileReference; lastKnownFileType = sourcecode.swift; path = SarkiServices.swift; sourceTree = "<group>"; };
		D4CBB7CC27980F930027A34D /* SanatcilarOut.swift */ = {isa = PBXFileReference; lastKnownFileType = sourcecode.swift; path = SanatcilarOut.swift; sourceTree = "<group>"; };
		D4CBB7D0279812080027A34D /* SanatcilarIn.swift */ = {isa = PBXFileReference; lastKnownFileType = sourcecode.swift; path = SanatcilarIn.swift; sourceTree = "<group>"; };
		D4CBB7D427996C8E0027A34D /* SarkilarOut.swift */ = {isa = PBXFileReference; lastKnownFileType = sourcecode.swift; path = SarkilarOut.swift; sourceTree = "<group>"; };
		D4CBB7D627996DB00027A34D /* SarkilarIn.swift */ = {isa = PBXFileReference; lastKnownFileType = sourcecode.swift; path = SarkilarIn.swift; sourceTree = "<group>"; };
		D4CBB7D9279971D40027A34D /* SoungsViewController.swift */ = {isa = PBXFileReference; lastKnownFileType = sourcecode.swift; path = SoungsViewController.swift; sourceTree = "<group>"; };
		D4CBB7DC279972030027A34D /* SoungCell.swift */ = {isa = PBXFileReference; lastKnownFileType = sourcecode.swift; path = SoungCell.swift; sourceTree = "<group>"; };
		D4CBB7DE27997D570027A34D /* LyricViewController.swift */ = {isa = PBXFileReference; lastKnownFileType = sourcecode.swift; path = LyricViewController.swift; sourceTree = "<group>"; };
		D4F12F90279C0FE900C15D0E /* SarkiSozuIn.swift */ = {isa = PBXFileReference; lastKnownFileType = sourcecode.swift; path = SarkiSozuIn.swift; sourceTree = "<group>"; };
		D4F12F92279D5AF300C15D0E /* ArtistViewController.swift */ = {isa = PBXFileReference; fileEncoding = 4; lastKnownFileType = sourcecode.swift; path = ArtistViewController.swift; sourceTree = "<group>"; };
		D4F12F98279D5C2A00C15D0E /* ArtistCell.swift */ = {isa = PBXFileReference; lastKnownFileType = sourcecode.swift; path = ArtistCell.swift; sourceTree = "<group>"; };
		D4F706CE27A2EA97001D3A05 /* MainTabController.swift */ = {isa = PBXFileReference; lastKnownFileType = sourcecode.swift; path = MainTabController.swift; sourceTree = "<group>"; };
/* End PBXFileReference section */

/* Begin PBXFrameworksBuildPhase section */
		D4CBB7A127975A090027A34D /* Frameworks */ = {
			isa = PBXFrameworksBuildPhase;
			buildActionMask = 2147483647;
			files = (
				D4CBB7C527975E1D0027A34D /* Alamofire in Frameworks */,
			);
			runOnlyForDeploymentPostprocessing = 0;
		};
/* End PBXFrameworksBuildPhase section */

/* Begin PBXGroup section */
		D424359027A08FE000930CFA /* homeVC */ = {
			isa = PBXGroup;
			children = (
				D424359127A08FE800930CFA /* home-cell */,
				D424359227A0901D00930CFA /* HomeViewController.swift */,
			);
			path = homeVC;
			sourceTree = "<group>";
		};
		D424359127A08FE800930CFA /* home-cell */ = {
			isa = PBXGroup;
			children = (
				D416E53627A16794008FA9CE /* MpArtistsCell.swift */,
				D416E53027A16725008FA9CE /* MpSoungCell.swift */,
				D416E53227A16734008FA9CE /* LvArtistCell.swift */,
				D416E53427A16744008FA9CE /* LvSoungCell.swift */,
			);
			path = "home-cell";
			sourceTree = "<group>";
		};
		D424359627A090A900930CFA /* artistVC */ = {
			isa = PBXGroup;
			children = (
				D4CBB7DB279971E30027A34D /* view-cell */,
				D4F12F92279D5AF300C15D0E /* ArtistViewController.swift */,
				D4CBB7D9279971D40027A34D /* SoungsViewController.swift */,
				D4CBB7DE27997D570027A34D /* LyricViewController.swift */,
			);
			path = artistVC;
			sourceTree = "<group>";
		};
		D424359727A0924700930CFA /* artist-model */ = {
			isa = PBXGroup;
			children = (
				D4CBB7CC27980F930027A34D /* SanatcilarOut.swift */,
				D4CBB7D0279812080027A34D /* SanatcilarIn.swift */,
				D4CBB7D427996C8E0027A34D /* SarkilarOut.swift */,
				D4CBB7D627996DB00027A34D /* SarkilarIn.swift */,
				D4F12F90279C0FE900C15D0E /* SarkiSozuIn.swift */,
			);
			path = "artist-model";
			sourceTree = "<group>";
		};
		D424359827A0925400930CFA /* home-model */ = {
			isa = PBXGroup;
			children = (
				D424359A27A0927200930CFA /* HomeModel.swift */,
			);
			path = "home-model";
			sourceTree = "<group>";
		};
		D4CBB79B27975A090027A34D = {
			isa = PBXGroup;
			children = (
				D4CBB7A627975A090027A34D /* MyRepertuar */,
				D4CBB7A527975A090027A34D /* Products */,
			);
			sourceTree = "<group>";
		};
		D4CBB7A527975A090027A34D /* Products */ = {
			isa = PBXGroup;
			children = (
				D4CBB7A427975A090027A34D /* MyRepertuar.app */,
			);
			name = Products;
			sourceTree = "<group>";
		};
		D4CBB7A627975A090027A34D /* MyRepertuar */ = {
			isa = PBXGroup;
			children = (
				D4CBB7BB27975A140027A34D /* model */,
				D4F12F9A279D5E2100C15D0E /* viewModel */,
				D4CBB7D8279971A50027A34D /* controllers */,
				D4CBB7C027975CFC0027A34D /* api */,
				D4CBB7A727975A090027A34D /* AppDelegate.swift */,
				D4CBB7A927975A090027A34D /* SceneDelegate.swift */,
				D4CBB7AD27975A090027A34D /* Main.storyboard */,
				D4CBB7B027975A0C0027A34D /* Assets.xcassets */,
				D4CBB7B227975A0C0027A34D /* LaunchScreen.storyboard */,
				D4CBB7B527975A0C0027A34D /* Info.plist */,
			);
			path = MyRepertuar;
			sourceTree = "<group>";
		};
		D4CBB7BB27975A140027A34D /* model */ = {
			isa = PBXGroup;
			children = (
				D424359827A0925400930CFA /* home-model */,
				D424359727A0924700930CFA /* artist-model */,
			);
			path = model;
			sourceTree = "<group>";
		};
		D4CBB7C027975CFC0027A34D /* api */ = {
			isa = PBXGroup;
			children = (
				D4CBB7C127975D450027A34D /* SarkiServices.swift */,
				D424358E27A08E0800930CFA /* HomeServices.swift */,
			);
			path = api;
			sourceTree = "<group>";
		};
		D4CBB7D8279971A50027A34D /* controllers */ = {
			isa = PBXGroup;
			children = (
				D424359027A08FE000930CFA /* homeVC */,
				D424359627A090A900930CFA /* artistVC */,
				D4F706CE27A2EA97001D3A05 /* MainTabController.swift */,
			);
			path = controllers;
			sourceTree = "<group>";
		};
		D4CBB7DB279971E30027A34D /* view-cell */ = {
			isa = PBXGroup;
			children = (
				D4CBB7DC279972030027A34D /* SoungCell.swift */,
				D4F12F98279D5C2A00C15D0E /* ArtistCell.swift */,
			);
			path = "view-cell";
			sourceTree = "<group>";
		};
		D4F12F9A279D5E2100C15D0E /* viewModel */ = {
			isa = PBXGroup;
			children = (
				D424358C27A00D5E00930CFA /* HomeViewModel.swift */,
			);
			path = viewModel;
			sourceTree = "<group>";
		};
/* End PBXGroup section */

/* Begin PBXNativeTarget section */
		D4CBB7A327975A090027A34D /* MyRepertuar */ = {
			isa = PBXNativeTarget;
			buildConfigurationList = D4CBB7B827975A0C0027A34D /* Build configuration list for PBXNativeTarget "MyRepertuar" */;
			buildPhases = (
				D4CBB7A027975A090027A34D /* Sources */,
				D4CBB7A127975A090027A34D /* Frameworks */,
				D4CBB7A227975A090027A34D /* Resources */,
			);
			buildRules = (
			);
			dependencies = (
			);
			name = MyRepertuar;
			packageProductDependencies = (
				D4CBB7C427975E1D0027A34D /* Alamofire */,
			);
			productName = MyRepertuar;
			productReference = D4CBB7A427975A090027A34D /* MyRepertuar.app */;
			productType = "com.apple.product-type.application";
		};
/* End PBXNativeTarget section */

/* Begin PBXProject section */
		D4CBB79C27975A090027A34D /* Project object */ = {
			isa = PBXProject;
			attributes = {
				BuildIndependentTargetsInParallel = 1;
				LastSwiftUpdateCheck = 1310;
				LastUpgradeCheck = 1310;
				TargetAttributes = {
					D4CBB7A327975A090027A34D = {
						CreatedOnToolsVersion = 13.1;
					};
				};
			};
			buildConfigurationList = D4CBB79F27975A090027A34D /* Build configuration list for PBXProject "MyRepertuar" */;
			compatibilityVersion = "Xcode 13.0";
			developmentRegion = en;
			hasScannedForEncodings = 0;
			knownRegions = (
				en,
				Base,
			);
			mainGroup = D4CBB79B27975A090027A34D;
			packageReferences = (
				D4CBB7C327975E1D0027A34D /* XCRemoteSwiftPackageReference "Alamofire" */,
			);
			productRefGroup = D4CBB7A527975A090027A34D /* Products */;
			projectDirPath = "";
			projectRoot = "";
			targets = (
				D4CBB7A327975A090027A34D /* MyRepertuar */,
			);
		};
/* End PBXProject section */

/* Begin PBXResourcesBuildPhase section */
		D4CBB7A227975A090027A34D /* Resources */ = {
			isa = PBXResourcesBuildPhase;
			buildActionMask = 2147483647;
			files = (
				D4CBB7B427975A0C0027A34D /* LaunchScreen.storyboard in Resources */,
				D4CBB7B127975A0C0027A34D /* Assets.xcassets in Resources */,
				D4CBB7AF27975A090027A34D /* Main.storyboard in Resources */,
			);
			runOnlyForDeploymentPostprocessing = 0;
		};
/* End PBXResourcesBuildPhase section */

/* Begin PBXSourcesBuildPhase section */
		D4CBB7A027975A090027A34D /* Sources */ = {
			isa = PBXSourcesBuildPhase;
			buildActionMask = 2147483647;
			files = (
				D416E53727A16794008FA9CE /* MpArtistsCell.swift in Sources */,
				D4CBB7DD279972030027A34D /* SoungCell.swift in Sources */,
				D4CBB7C227975D450027A34D /* SarkiServices.swift in Sources */,
				D416E53327A16734008FA9CE /* LvArtistCell.swift in Sources */,
				D424359B27A0927200930CFA /* HomeModel.swift in Sources */,
				D4CBB7A827975A090027A34D /* AppDelegate.swift in Sources */,
				D424359327A0901D00930CFA /* HomeViewController.swift in Sources */,
				D416E53527A16744008FA9CE /* LvSoungCell.swift in Sources */,
				D4F706CF27A2EA97001D3A05 /* MainTabController.swift in Sources */,
				D4CBB7AA27975A090027A34D /* SceneDelegate.swift in Sources */,
				D416E53127A16725008FA9CE /* MpSoungCell.swift in Sources */,
				D4F12F93279D5AF300C15D0E /* ArtistViewController.swift in Sources */,
				D4CBB7D1279812080027A34D /* SanatcilarIn.swift in Sources */,
				D4F12F99279D5C2A00C15D0E /* ArtistCell.swift in Sources */,
				D4CBB7D527996C8E0027A34D /* SarkilarOut.swift in Sources */,
				D4CBB7D727996DB00027A34D /* SarkilarIn.swift in Sources */,
				D424358F27A08E0800930CFA /* HomeServices.swift in Sources */,
				D4CBB7CD27980F930027A34D /* SanatcilarOut.swift in Sources */,
				D4F12F91279C0FE900C15D0E /* SarkiSozuIn.swift in Sources */,
				D4CBB7DF27997D570027A34D /* LyricViewController.swift in Sources */,
				D424358D27A00D5E00930CFA /* HomeViewModel.swift in Sources */,
				D4CBB7DA279971D40027A34D /* SoungsViewController.swift in Sources */,
			);
			runOnlyForDeploymentPostprocessing = 0;
		};
/* End PBXSourcesBuildPhase section */

/* Begin PBXVariantGroup section */
		D4CBB7AD27975A090027A34D /* Main.storyboard */ = {
			isa = PBXVariantGroup;
			children = (
				D4CBB7AE27975A090027A34D /* Base */,
			);
			name = Main.storyboard;
			sourceTree = "<group>";
		};
		D4CBB7B227975A0C0027A34D /* LaunchScreen.storyboard */ = {
			isa = PBXVariantGroup;
			children = (
				D4CBB7B327975A0C0027A34D /* Base */,
			);
			name = LaunchScreen.storyboard;
			sourceTree = "<group>";
		};
/* End PBXVariantGroup section */

/* Begin XCBuildConfiguration section */
		D4CBB7B627975A0C0027A34D /* Debug */ = {
			isa = XCBuildConfiguration;
			buildSettings = {
				ALWAYS_SEARCH_USER_PATHS = NO;
				CLANG_ANALYZER_NONNULL = YES;
				CLANG_ANALYZER_NUMBER_OBJECT_CONVERSION = YES_AGGRESSIVE;
				CLANG_CXX_LANGUAGE_STANDARD = "gnu++17";
				CLANG_CXX_LIBRARY = "libc++";
				CLANG_ENABLE_MODULES = YES;
				CLANG_ENABLE_OBJC_ARC = YES;
				CLANG_ENABLE_OBJC_WEAK = YES;
				CLANG_WARN_BLOCK_CAPTURE_AUTORELEASING = YES;
				CLANG_WARN_BOOL_CONVERSION = YES;
				CLANG_WARN_COMMA = YES;
				CLANG_WARN_CONSTANT_CONVERSION = YES;
				CLANG_WARN_DEPRECATED_OBJC_IMPLEMENTATIONS = YES;
				CLANG_WARN_DIRECT_OBJC_ISA_USAGE = YES_ERROR;
				CLANG_WARN_DOCUMENTATION_COMMENTS = YES;
				CLANG_WARN_EMPTY_BODY = YES;
				CLANG_WARN_ENUM_CONVERSION = YES;
				CLANG_WARN_INFINITE_RECURSION = YES;
				CLANG_WARN_INT_CONVERSION = YES;
				CLANG_WARN_NON_LITERAL_NULL_CONVERSION = YES;
				CLANG_WARN_OBJC_IMPLICIT_RETAIN_SELF = YES;
				CLANG_WARN_OBJC_LITERAL_CONVERSION = YES;
				CLANG_WARN_OBJC_ROOT_CLASS = YES_ERROR;
				CLANG_WARN_QUOTED_INCLUDE_IN_FRAMEWORK_HEADER = YES;
				CLANG_WARN_RANGE_LOOP_ANALYSIS = YES;
				CLANG_WARN_STRICT_PROTOTYPES = YES;
				CLANG_WARN_SUSPICIOUS_MOVE = YES;
				CLANG_WARN_UNGUARDED_AVAILABILITY = YES_AGGRESSIVE;
				CLANG_WARN_UNREACHABLE_CODE = YES;
				CLANG_WARN__DUPLICATE_METHOD_MATCH = YES;
				COPY_PHASE_STRIP = NO;
				DEBUG_INFORMATION_FORMAT = dwarf;
				ENABLE_STRICT_OBJC_MSGSEND = YES;
				ENABLE_TESTABILITY = YES;
				GCC_C_LANGUAGE_STANDARD = gnu11;
				GCC_DYNAMIC_NO_PIC = NO;
				GCC_NO_COMMON_BLOCKS = YES;
				GCC_OPTIMIZATION_LEVEL = 0;
				GCC_PREPROCESSOR_DEFINITIONS = (
					"DEBUG=1",
					"$(inherited)",
				);
				GCC_WARN_64_TO_32_BIT_CONVERSION = YES;
				GCC_WARN_ABOUT_RETURN_TYPE = YES_ERROR;
				GCC_WARN_UNDECLARED_SELECTOR = YES;
				GCC_WARN_UNINITIALIZED_AUTOS = YES_AGGRESSIVE;
				GCC_WARN_UNUSED_FUNCTION = YES;
				GCC_WARN_UNUSED_VARIABLE = YES;
				IPHONEOS_DEPLOYMENT_TARGET = 15.0;
				MTL_ENABLE_DEBUG_INFO = INCLUDE_SOURCE;
				MTL_FAST_MATH = YES;
				ONLY_ACTIVE_ARCH = YES;
				SDKROOT = iphoneos;
				SWIFT_ACTIVE_COMPILATION_CONDITIONS = DEBUG;
				SWIFT_OPTIMIZATION_LEVEL = "-Onone";
			};
			name = Debug;
		};
		D4CBB7B727975A0C0027A34D /* Release */ = {
			isa = XCBuildConfiguration;
			buildSettings = {
				ALWAYS_SEARCH_USER_PATHS = NO;
				CLANG_ANALYZER_NONNULL = YES;
				CLANG_ANALYZER_NUMBER_OBJECT_CONVERSION = YES_AGGRESSIVE;
				CLANG_CXX_LANGUAGE_STANDARD = "gnu++17";
				CLANG_CXX_LIBRARY = "libc++";
				CLANG_ENABLE_MODULES = YES;
				CLANG_ENABLE_OBJC_ARC = YES;
				CLANG_ENABLE_OBJC_WEAK = YES;
				CLANG_WARN_BLOCK_CAPTURE_AUTORELEASING = YES;
				CLANG_WARN_BOOL_CONVERSION = YES;
				CLANG_WARN_COMMA = YES;
				CLANG_WARN_CONSTANT_CONVERSION = YES;
				CLANG_WARN_DEPRECATED_OBJC_IMPLEMENTATIONS = YES;
				CLANG_WARN_DIRECT_OBJC_ISA_USAGE = YES_ERROR;
				CLANG_WARN_DOCUMENTATION_COMMENTS = YES;
				CLANG_WARN_EMPTY_BODY = YES;
				CLANG_WARN_ENUM_CONVERSION = YES;
				CLANG_WARN_INFINITE_RECURSION = YES;
				CLANG_WARN_INT_CONVERSION = YES;
				CLANG_WARN_NON_LITERAL_NULL_CONVERSION = YES;
				CLANG_WARN_OBJC_IMPLICIT_RETAIN_SELF = YES;
				CLANG_WARN_OBJC_LITERAL_CONVERSION = YES;
				CLANG_WARN_OBJC_ROOT_CLASS = YES_ERROR;
				CLANG_WARN_QUOTED_INCLUDE_IN_FRAMEWORK_HEADER = YES;
				CLANG_WARN_RANGE_LOOP_ANALYSIS = YES;
				CLANG_WARN_STRICT_PROTOTYPES = YES;
				CLANG_WARN_SUSPICIOUS_MOVE = YES;
				CLANG_WARN_UNGUARDED_AVAILABILITY = YES_AGGRESSIVE;
				CLANG_WARN_UNREACHABLE_CODE = YES;
				CLANG_WARN__DUPLICATE_METHOD_MATCH = YES;
				COPY_PHASE_STRIP = NO;
				DEBUG_INFORMATION_FORMAT = "dwarf-with-dsym";
				ENABLE_NS_ASSERTIONS = NO;
				ENABLE_STRICT_OBJC_MSGSEND = YES;
				GCC_C_LANGUAGE_STANDARD = gnu11;
				GCC_NO_COMMON_BLOCKS = YES;
				GCC_WARN_64_TO_32_BIT_CONVERSION = YES;
				GCC_WARN_ABOUT_RETURN_TYPE = YES_ERROR;
				GCC_WARN_UNDECLARED_SELECTOR = YES;
				GCC_WARN_UNINITIALIZED_AUTOS = YES_AGGRESSIVE;
				GCC_WARN_UNUSED_FUNCTION = YES;
				GCC_WARN_UNUSED_VARIABLE = YES;
				IPHONEOS_DEPLOYMENT_TARGET = 15.0;
				MTL_ENABLE_DEBUG_INFO = NO;
				MTL_FAST_MATH = YES;
				SDKROOT = iphoneos;
				SWIFT_COMPILATION_MODE = wholemodule;
				SWIFT_OPTIMIZATION_LEVEL = "-O";
				VALIDATE_PRODUCT = YES;
			};
			name = Release;
		};
		D4CBB7B927975A0C0027A34D /* Debug */ = {
			isa = XCBuildConfiguration;
			buildSettings = {
				ASSETCATALOG_COMPILER_APPICON_NAME = AppIcon;
				ASSETCATALOG_COMPILER_GLOBAL_ACCENT_COLOR_NAME = AccentColor;
				CODE_SIGN_STYLE = Automatic;
				CURRENT_PROJECT_VERSION = 1;
				GENERATE_INFOPLIST_FILE = YES;
				INFOPLIST_FILE = MyRepertuar/Info.plist;
				INFOPLIST_KEY_UIApplicationSupportsIndirectInputEvents = YES;
				INFOPLIST_KEY_UILaunchStoryboardName = LaunchScreen;
				INFOPLIST_KEY_UIMainStoryboardFile = Main;
				INFOPLIST_KEY_UISupportedInterfaceOrientations_iPad = "UIInterfaceOrientationPortrait UIInterfaceOrientationPortraitUpsideDown UIInterfaceOrientationLandscapeLeft UIInterfaceOrientationLandscapeRight";
				INFOPLIST_KEY_UISupportedInterfaceOrientations_iPhone = "UIInterfaceOrientationPortrait UIInterfaceOrientationLandscapeLeft UIInterfaceOrientationLandscapeRight";
				LD_RUNPATH_SEARCH_PATHS = (
					"$(inherited)",
					"@executable_path/Frameworks",
				);
				MARKETING_VERSION = 1.0;
				PRODUCT_BUNDLE_IDENTIFIER = karakus.MyRepertuar;
				PRODUCT_NAME = "$(TARGET_NAME)";
				SWIFT_EMIT_LOC_STRINGS = YES;
				SWIFT_VERSION = 5.0;
				TARGETED_DEVICE_FAMILY = "1,2";
			};
			name = Debug;
		};
		D4CBB7BA27975A0C0027A34D /* Release */ = {
			isa = XCBuildConfiguration;
			buildSettings = {
				ASSETCATALOG_COMPILER_APPICON_NAME = AppIcon;
				ASSETCATALOG_COMPILER_GLOBAL_ACCENT_COLOR_NAME = AccentColor;
				CODE_SIGN_STYLE = Automatic;
				CURRENT_PROJECT_VERSION = 1;
				GENERATE_INFOPLIST_FILE = YES;
				INFOPLIST_FILE = MyRepertuar/Info.plist;
				INFOPLIST_KEY_UIApplicationSupportsIndirectInputEvents = YES;
				INFOPLIST_KEY_UILaunchStoryboardName = LaunchScreen;
				INFOPLIST_KEY_UIMainStoryboardFile = Main;
				INFOPLIST_KEY_UISupportedInterfaceOrientations_iPad = "UIInterfaceOrientationPortrait UIInterfaceOrientationPortraitUpsideDown UIInterfaceOrientationLandscapeLeft UIInterfaceOrientationLandscapeRight";
				INFOPLIST_KEY_UISupportedInterfaceOrientations_iPhone = "UIInterfaceOrientationPortrait UIInterfaceOrientationLandscapeLeft UIInterfaceOrientationLandscapeRight";
				LD_RUNPATH_SEARCH_PATHS = (
					"$(inherited)",
					"@executable_path/Frameworks",
				);
				MARKETING_VERSION = 1.0;
				PRODUCT_BUNDLE_IDENTIFIER = karakus.MyRepertuar;
				PRODUCT_NAME = "$(TARGET_NAME)";
				SWIFT_EMIT_LOC_STRINGS = YES;
				SWIFT_VERSION = 5.0;
				TARGETED_DEVICE_FAMILY = "1,2";
			};
			name = Release;
		};
/* End XCBuildConfiguration section */

/* Begin XCConfigurationList section */
		D4CBB79F27975A090027A34D /* Build configuration list for PBXProject "MyRepertuar" */ = {
			isa = XCConfigurationList;
			buildConfigurations = (
				D4CBB7B627975A0C0027A34D /* Debug */,
				D4CBB7B727975A0C0027A34D /* Release */,
			);
			defaultConfigurationIsVisible = 0;
			defaultConfigurationName = Release;
		};
		D4CBB7B827975A0C0027A34D /* Build configuration list for PBXNativeTarget "MyRepertuar" */ = {
			isa = XCConfigurationList;
			buildConfigurations = (
				D4CBB7B927975A0C0027A34D /* Debug */,
				D4CBB7BA27975A0C0027A34D /* Release */,
			);
			defaultConfigurationIsVisible = 0;
			defaultConfigurationName = Release;
		};
/* End XCConfigurationList section */

/* Begin XCRemoteSwiftPackageReference section */
		D4CBB7C327975E1D0027A34D /* XCRemoteSwiftPackageReference "Alamofire" */ = {
			isa = XCRemoteSwiftPackageReference;
			repositoryURL = "https://github.com/Alamofire/Alamofire.git";
			requirement = {
				branch = master;
				kind = branch;
			};
		};
/* End XCRemoteSwiftPackageReference section */

/* Begin XCSwiftPackageProductDependency section */
		D4CBB7C427975E1D0027A34D /* Alamofire */ = {
			isa = XCSwiftPackageProductDependency;
			package = D4CBB7C327975E1D0027A34D /* XCRemoteSwiftPackageReference "Alamofire" */;
			productName = Alamofire;
		};
/* End XCSwiftPackageProductDependency section */
	};
	rootObject = D4CBB79C27975A090027A34D /* Project object */;
}
